{
  "originHash" : "25f2de26c197a71b0600a0dab6ce80d471e2452ee55a8faa997d4acf5aa0085a",
  "pins" : [
    {
      "identity" : "ecmaswift",
      "kind" : "remoteSourceControl",
      "location" : "https://github.com/Yosorable/ECMASwift",
      "state" : {
        "branch" : "main",
        "revision" : "c37df397bed2ee7cd5c98d34610098ed13a14d7f"
      }
    },
    {
      "identity" : "sdwebimage",
      "kind" : "remoteSourceControl",
      "location" : "https://github.com/SDWebImage/SDWebImage.git",
      "state" : {
        "revision" : "5642d1ffe3dbe628592443bd14154e31929727b4",
        "version" : "5.19.2"
      }
    },
    {
      "identity" : "sdwebimageswiftui",
      "kind" : "remoteSourceControl",
      "location" : "https://github.com/SDWebImage/SDWebImageSwiftUI.git",
      "state" : {
        "revision" : "b7af5e6bd9c2987e41730400d1baad13d74a141a",
        "version" : "3.0.4"
      }
    }
  ],
  "version" : 3
}
