{
  "originHash" : "f32e8f1b3c4b22b87a272f05501ebfba8379f2bde6ef1cd2f16c098bc3bf8e0f",
  "pins" : [
    {
      "identity" : "ecmaswift",
      "kind" : "remoteSourceControl",
      "location" : "https://github.com/Yosorable/ECMASwift",
      "state" : {
        "revision" : "92f4e3b51d4aed0ebaa0993f5801833b45cdac6c",
        "version" : "0.0.2"
      }
    },
    {
      "identity" : "sdwebimage",
      "kind" : "remoteSourceControl",
      "location" : "https://github.com/SDWebImage/SDWebImage.git",
      "state" : {
        "revision" : "5642d1ffe3dbe628592443bd14154e31929727b4",
        "version" : "5.19.2"
      }
    },
    {
      "identity" : "sdwebimageswiftui",
      "kind" : "remoteSourceControl",
      "location" : "https://github.com/SDWebImage/SDWebImageSwiftUI.git",
      "state" : {
        "revision" : "b7af5e6bd9c2987e41730400d1baad13d74a141a",
        "version" : "3.0.4"
      }
    }
  ],
  "version" : 3
}
